// !$*UTF8*$!
{
	archiveVersion = 1;
	classes = {
	};
	objectVersion = 77;
	objects = {

/* Begin PBXContainerItemProxy section */
		8206FE912CD9158800A236A2 /* PBXContainerItemProxy */ = {
			isa = PBXContainerItemProxy;
			containerPortal = 8206FE782CD9158600A236A2 /* Project object */;
			proxyType = 1;
			remoteGlobalIDString = 8206FE7F2CD9158600A236A2;
			remoteInfo = NikitasMarksChart;
		};
		8206FE9B2CD9158800A236A2 /* PBXContainerItemProxy */ = {
			isa = PBXContainerItemProxy;
			containerPortal = 8206FE782CD9158600A236A2 /* Project object */;
			proxyType = 1;
			remoteGlobalIDString = 8206FE7F2CD9158600A236A2;
			remoteInfo = NikitasMarksChart;
		};
/* End PBXContainerItemProxy section */

/* Begin PBXFileReference section */
		8206FE802CD9158600A236A2 /* NikitasMarksChart.app */ = {isa = PBXFileReference; explicitFileType = wrapper.application; includeInIndex = 0; path = NikitasMarksChart.app; sourceTree = BUILT_PRODUCTS_DIR; };
		8206FE902CD9158800A236A2 /* NikitasMarksChartTests.xctest */ = {isa = PBXFileReference; explicitFileType = wrapper.cfbundle; includeInIndex = 0; path = NikitasMarksChartTests.xctest; sourceTree = BUILT_PRODUCTS_DIR; };
		8206FE9A2CD9158800A236A2 /* NikitasMarksChartUITests.xctest */ = {isa = PBXFileReference; explicitFileType = wrapper.cfbundle; includeInIndex = 0; path = NikitasMarksChartUITests.xctest; sourceTree = BUILT_PRODUCTS_DIR; };
/* End PBXFileReference section */

/* Begin PBXFileSystemSynchronizedRootGroup section */
		8206FE822CD9158600A236A2 /* NikitasMarksChart */ = {
			isa = PBXFileSystemSynchronizedRootGroup;
			path = NikitasMarksChart;
			sourceTree = "<group>";
		};
		8206FE932CD9158800A236A2 /* NikitasMarksChartTests */ = {
			isa = PBXFileSystemSynchronizedRootGroup;
			path = NikitasMarksChartTests;
			sourceTree = "<group>";
		};
		8206FE9D2CD9158800A236A2 /* NikitasMarksChartUITests */ = {
			isa = PBXFileSystemSynchronizedRootGroup;
			path = NikitasMarksChartUITests;
			sourceTree = "<group>";
		};
/* End PBXFileSystemSynchronizedRootGroup section */

/* Begin PBXFrameworksBuildPhase section */
		8206FE7D2CD9158600A236A2 /* Frameworks */ = {
			isa = PBXFrameworksBuildPhase;
			buildActionMask = 2147483647;
			files = (
			);
			runOnlyForDeploymentPostprocessing = 0;
		};
		8206FE8D2CD9158800A236A2 /* Frameworks */ = {
			isa = PBXFrameworksBuildPhase;
			buildActionMask = 2147483647;
			files = (
			);
			runOnlyForDeploymentPostprocessing = 0;
		};
		8206FE972CD9158800A236A2 /* Frameworks */ = {
			isa = PBXFrameworksBuildPhase;
			buildActionMask = 2147483647;
			files = (
			);
			runOnlyForDeploymentPostprocessing = 0;
		};
/* End PBXFrameworksBuildPhase section */

/* Begin PBXGroup section */
		8206FE772CD9158600A236A2 = {
			isa = PBXGroup;
			children = (
				8206FE822CD9158600A236A2 /* NikitasMarksChart */,
				8206FE932CD9158800A236A2 /* NikitasMarksChartTests */,
				8206FE9D2CD9158800A236A2 /* NikitasMarksChartUITests */,
				8206FE812CD9158600A236A2 /* Products */,
			);
			sourceTree = "<group>";
		};
		8206FE812CD9158600A236A2 /* Products */ = {
			isa = PBXGroup;
			children = (
				8206FE802CD9158600A236A2 /* NikitasMarksChart.app */,
				8206FE902CD9158800A236A2 /* NikitasMarksChartTests.xctest */,
				8206FE9A2CD9158800A236A2 /* NikitasMarksChartUITests.xctest */,
			);
			name = Products;
			sourceTree = "<group>";
		};
/* End PBXGroup section */

/* Begin PBXNativeTarget section */
		8206FE7F2CD9158600A236A2 /* NikitasMarksChart */ = {
			isa = PBXNativeTarget;
			buildConfigurationList = 8206FEA42CD9158800A236A2 /* Build configuration list for PBXNativeTarget "NikitasMarksChart" */;
			buildPhases = (
				8206FE7C2CD9158600A236A2 /* Sources */,
				8206FE7D2CD9158600A236A2 /* Frameworks */,
				8206FE7E2CD9158600A236A2 /* Resources */,
			);
			buildRules = (
			);
			dependencies = (
			);
			fileSystemSynchronizedGroups = (
				8206FE822CD9158600A236A2 /* NikitasMarksChart */,
			);
			name = NikitasMarksChart;
			packageProductDependencies = (
			);
			productName = NikitasMarksChart;
			productReference = 8206FE802CD9158600A236A2 /* NikitasMarksChart.app */;
			productType = "com.apple.product-type.application";
		};
		8206FE8F2CD9158800A236A2 /* NikitasMarksChartTests */ = {
			isa = PBXNativeTarget;
			buildConfigurationList = 8206FEA72CD9158800A236A2 /* Build configuration list for PBXNativeTarget "NikitasMarksChartTests" */;
			buildPhases = (
				8206FE8C2CD9158800A236A2 /* Sources */,
				8206FE8D2CD9158800A236A2 /* Frameworks */,
				8206FE8E2CD9158800A236A2 /* Resources */,
			);
			buildRules = (
			);
			dependencies = (
				8206FE922CD9158800A236A2 /* PBXTargetDependency */,
			);
			fileSystemSynchronizedGroups = (
				8206FE932CD9158800A236A2 /* NikitasMarksChartTests */,
			);
			name = NikitasMarksChartTests;
			packageProductDependencies = (
			);
			productName = NikitasMarksChartTests;
			productReference = 8206FE902CD9158800A236A2 /* NikitasMarksChartTests.xctest */;
			productType = "com.apple.product-type.bundle.unit-test";
		};
		8206FE992CD9158800A236A2 /* NikitasMarksChartUITests */ = {
			isa = PBXNativeTarget;
			buildConfigurationList = 8206FEAA2CD9158800A236A2 /* Build configuration list for PBXNativeTarget "NikitasMarksChartUITests" */;
			buildPhases = (
				8206FE962CD9158800A236A2 /* Sources */,
				8206FE972CD9158800A236A2 /* Frameworks */,
				8206FE982CD9158800A236A2 /* Resources */,
			);
			buildRules = (
			);
			dependencies = (
				8206FE9C2CD9158800A236A2 /* PBXTargetDependency */,
			);
			fileSystemSynchronizedGroups = (
				8206FE9D2CD9158800A236A2 /* NikitasMarksChartUITests */,
			);
			name = NikitasMarksChartUITests;
			packageProductDependencies = (
			);
			productName = NikitasMarksChartUITests;
			productReference = 8206FE9A2CD9158800A236A2 /* NikitasMarksChartUITests.xctest */;
			productType = "com.apple.product-type.bundle.ui-testing";
		};
/* End PBXNativeTarget section */

/* Begin PBXProject section */
		8206FE782CD9158600A236A2 /* Project object */ = {
			isa = PBXProject;
			attributes = {
				BuildIndependentTargetsInParallel = 1;
				LastSwiftUpdateCheck = 1600;
				LastUpgradeCheck = 1600;
				TargetAttributes = {
					8206FE7F2CD9158600A236A2 = {
						CreatedOnToolsVersion = 16.0;
					};
					8206FE8F2CD9158800A236A2 = {
						CreatedOnToolsVersion = 16.0;
						TestTargetID = 8206FE7F2CD9158600A236A2;
					};
					8206FE992CD9158800A236A2 = {
						CreatedOnToolsVersion = 16.0;
						TestTargetID = 8206FE7F2CD9158600A236A2;
					};
				};
			};
			buildConfigurationList = 8206FE7B2CD9158600A236A2 /* Build configuration list for PBXProject "NikitasMarksChart" */;
			developmentRegion = en;
			hasScannedForEncodings = 0;
			knownRegions = (
				en,
				Base,
			);
			mainGroup = 8206FE772CD9158600A236A2;
			minimizedProjectReferenceProxies = 1;
			preferredProjectObjectVersion = 77;
			productRefGroup = 8206FE812CD9158600A236A2 /* Products */;
			projectDirPath = "";
			projectRoot = "";
			targets = (
				8206FE7F2CD9158600A236A2 /* NikitasMarksChart */,
				8206FE8F2CD9158800A236A2 /* NikitasMarksChartTests */,
				8206FE992CD9158800A236A2 /* NikitasMarksChartUITests */,
			);
		};
/* End PBXProject section */

/* Begin PBXResourcesBuildPhase section */
		8206FE7E2CD9158600A236A2 /* Resources */ = {
			isa = PBXResourcesBuildPhase;
			buildActionMask = 2147483647;
			files = (
			);
			runOnlyForDeploymentPostprocessing = 0;
		};
		8206FE8E2CD9158800A236A2 /* Resources */ = {
			isa = PBXResourcesBuildPhase;
			buildActionMask = 2147483647;
			files = (
			);
			runOnlyForDeploymentPostprocessing = 0;
		};
		8206FE982CD9158800A236A2 /* Resources */ = {
			isa = PBXResourcesBuildPhase;
			buildActionMask = 2147483647;
			files = (
			);
			runOnlyForDeploymentPostprocessing = 0;
		};
/* End PBXResourcesBuildPhase section */

/* Begin PBXSourcesBuildPhase section */
		8206FE7C2CD9158600A236A2 /* Sources */ = {
			isa = PBXSourcesBuildPhase;
			buildActionMask = 2147483647;
			files = (
			);
			runOnlyForDeploymentPostprocessing = 0;
		};
		8206FE8C2CD9158800A236A2 /* Sources */ = {
			isa = PBXSourcesBuildPhase;
			buildActionMask = 2147483647;
			files = (
			);
			runOnlyForDeploymentPostprocessing = 0;
		};
		8206FE962CD9158800A236A2 /* Sources */ = {
			isa = PBXSourcesBuildPhase;
			buildActionMask = 2147483647;
			files = (
			);
			runOnlyForDeploymentPostprocessing = 0;
		};
/* End PBXSourcesBuildPhase section */

/* Begin PBXTargetDependency section */
		8206FE922CD9158800A236A2 /* PBXTargetDependency */ = {
			isa = PBXTargetDependency;
			target = 8206FE7F2CD9158600A236A2 /* NikitasMarksChart */;
			targetProxy = 8206FE912CD9158800A236A2 /* PBXContainerItemProxy */;
		};
		8206FE9C2CD9158800A236A2 /* PBXTargetDependency */ = {
			isa = PBXTargetDependency;
			target = 8206FE7F2CD9158600A236A2 /* NikitasMarksChart */;
			targetProxy = 8206FE9B2CD9158800A236A2 /* PBXContainerItemProxy */;
		};
/* End PBXTargetDependency section */

/* Begin XCBuildConfiguration section */
		8206FEA22CD9158800A236A2 /* Debug */ = {
			isa = XCBuildConfiguration;
			buildSettings = {
				ALWAYS_SEARCH_USER_PATHS = NO;
				ASSETCATALOG_COMPILER_GENERATE_SWIFT_ASSET_SYMBOL_EXTENSIONS = YES;
				CLANG_ANALYZER_NONNULL = YES;
				CLANG_ANALYZER_NUMBER_OBJECT_CONVERSION = YES_AGGRESSIVE;
				CLANG_CXX_LANGUAGE_STANDARD = "gnu++20";
				CLANG_ENABLE_MODULES = YES;
				CLANG_ENABLE_OBJC_ARC = YES;
				CLANG_ENABLE_OBJC_WEAK = YES;
				CLANG_WARN_BLOCK_CAPTURE_AUTORELEASING = YES;
				CLANG_WARN_BOOL_CONVERSION = YES;
				CLANG_WARN_COMMA = YES;
				CLANG_WARN_CONSTANT_CONVERSION = YES;
				CLANG_WARN_DEPRECATED_OBJC_IMPLEMENTATIONS = YES;
				CLANG_WARN_DIRECT_OBJC_ISA_USAGE = YES_ERROR;
				CLANG_WARN_DOCUMENTATION_COMMENTS = YES;
				CLANG_WARN_EMPTY_BODY = YES;
				CLANG_WARN_ENUM_CONVERSION = YES;
				CLANG_WARN_INFINITE_RECURSION = YES;
				CLANG_WARN_INT_CONVERSION = YES;
				CLANG_WARN_NON_LITERAL_NULL_CONVERSION = YES;
				CLANG_WARN_OBJC_IMPLICIT_RETAIN_SELF = YES;
				CLANG_WARN_OBJC_LITERAL_CONVERSION = YES;
				CLANG_WARN_OBJC_ROOT_CLASS = YES_ERROR;
				CLANG_WARN_QUOTED_INCLUDE_IN_FRAMEWORK_HEADER = YES;
				CLANG_WARN_RANGE_LOOP_ANALYSIS = YES;
				CLANG_WARN_STRICT_PROTOTYPES = YES;
				CLANG_WARN_SUSPICIOUS_MOVE = YES;
				CLANG_WARN_UNGUARDED_AVAILABILITY = YES_AGGRESSIVE;
				CLANG_WARN_UNREACHABLE_CODE = YES;
				CLANG_WARN__DUPLICATE_METHOD_MATCH = YES;
				COPY_PHASE_STRIP = NO;
				DEBUG_INFORMATION_FORMAT = dwarf;
				ENABLE_STRICT_OBJC_MSGSEND = YES;
				ENABLE_TESTABILITY = YES;
				ENABLE_USER_SCRIPT_SANDBOXING = YES;
				GCC_C_LANGUAGE_STANDARD = gnu17;
				GCC_DYNAMIC_NO_PIC = NO;
				GCC_NO_COMMON_BLOCKS = YES;
				GCC_OPTIMIZATION_LEVEL = 0;
				GCC_PREPROCESSOR_DEFINITIONS = (
					"DEBUG=1",
					"$(inherited)",
				);
				GCC_WARN_64_TO_32_BIT_CONVERSION = YES;
				GCC_WARN_ABOUT_RETURN_TYPE = YES_ERROR;
				GCC_WARN_UNDECLARED_SELECTOR = YES;
				GCC_WARN_UNINITIALIZED_AUTOS = YES_AGGRESSIVE;
				GCC_WARN_UNUSED_FUNCTION = YES;
				GCC_WARN_UNUSED_VARIABLE = YES;
				IPHONEOS_DEPLOYMENT_TARGET = 18.0;
				LOCALIZATION_PREFERS_STRING_CATALOGS = YES;
				MTL_ENABLE_DEBUG_INFO = INCLUDE_SOURCE;
				MTL_FAST_MATH = YES;
				ONLY_ACTIVE_ARCH = YES;
				SDKROOT = iphoneos;
				SWIFT_ACTIVE_COMPILATION_CONDITIONS = "DEBUG $(inherited)";
				SWIFT_OPTIMIZATION_LEVEL = "-Onone";
			};
			name = Debug;
		};
		8206FEA32CD9158800A236A2 /* Release */ = {
			isa = XCBuildConfiguration;
			buildSettings = {
				ALWAYS_SEARCH_USER_PATHS = NO;
				ASSETCATALOG_COMPILER_GENERATE_SWIFT_ASSET_SYMBOL_EXTENSIONS = YES;
				CLANG_ANALYZER_NONNULL = YES;
				CLANG_ANALYZER_NUMBER_OBJECT_CONVERSION = YES_AGGRESSIVE;
				CLANG_CXX_LANGUAGE_STANDARD = "gnu++20";
				CLANG_ENABLE_MODULES = YES;
				CLANG_ENABLE_OBJC_ARC = YES;
				CLANG_ENABLE_OBJC_WEAK = YES;
				CLANG_WARN_BLOCK_CAPTURE_AUTORELEASING = YES;
				CLANG_WARN_BOOL_CONVERSION = YES;
				CLANG_WARN_COMMA = YES;
				CLANG_WARN_CONSTANT_CONVERSION = YES;
				CLANG_WARN_DEPRECATED_OBJC_IMPLEMENTATIONS = YES;
				CLANG_WARN_DIRECT_OBJC_ISA_USAGE = YES_ERROR;
				CLANG_WARN_DOCUMENTATION_COMMENTS = YES;
				CLANG_WARN_EMPTY_BODY = YES;
				CLANG_WARN_ENUM_CONVERSION = YES;
				CLANG_WARN_INFINITE_RECURSION = YES;
				CLANG_WARN_INT_CONVERSION = YES;
				CLANG_WARN_NON_LITERAL_NULL_CONVERSION = YES;
				CLANG_WARN_OBJC_IMPLICIT_RETAIN_SELF = YES;
				CLANG_WARN_OBJC_LITERAL_CONVERSION = YES;
				CLANG_WARN_OBJC_ROOT_CLASS = YES_ERROR;
				CLANG_WARN_QUOTED_INCLUDE_IN_FRAMEWORK_HEADER = YES;
				CLANG_WARN_RANGE_LOOP_ANALYSIS = YES;
				CLANG_WARN_STRICT_PROTOTYPES = YES;
				CLANG_WARN_SUSPICIOUS_MOVE = YES;
				CLANG_WARN_UNGUARDED_AVAILABILITY = YES_AGGRESSIVE;
				CLANG_WARN_UNREACHABLE_CODE = YES;
				CLANG_WARN__DUPLICATE_METHOD_MATCH = YES;
				COPY_PHASE_STRIP = NO;
				DEBUG_INFORMATION_FORMAT = "dwarf-with-dsym";
				ENABLE_NS_ASSERTIONS = NO;
				ENABLE_STRICT_OBJC_MSGSEND = YES;
				ENABLE_USER_SCRIPT_SANDBOXING = YES;
				GCC_C_LANGUAGE_STANDARD = gnu17;
				GCC_NO_COMMON_BLOCKS = YES;
				GCC_WARN_64_TO_32_BIT_CONVERSION = YES;
				GCC_WARN_ABOUT_RETURN_TYPE = YES_ERROR;
				GCC_WARN_UNDECLARED_SELECTOR = YES;
				GCC_WARN_UNINITIALIZED_AUTOS = YES_AGGRESSIVE;
				GCC_WARN_UNUSED_FUNCTION = YES;
				GCC_WARN_UNUSED_VARIABLE = YES;
				IPHONEOS_DEPLOYMENT_TARGET = 18.0;
				LOCALIZATION_PREFERS_STRING_CATALOGS = YES;
				MTL_ENABLE_DEBUG_INFO = NO;
				MTL_FAST_MATH = YES;
				SDKROOT = iphoneos;
				SWIFT_COMPILATION_MODE = wholemodule;
				VALIDATE_PRODUCT = YES;
			};
			name = Release;
		};
		8206FEA52CD9158800A236A2 /* Debug */ = {
			isa = XCBuildConfiguration;
			buildSettings = {
				ASSETCATALOG_COMPILER_APPICON_NAME = AppIcon;
				ASSETCATALOG_COMPILER_GLOBAL_ACCENT_COLOR_NAME = AccentColor;
				CODE_SIGN_STYLE = Automatic;
				CURRENT_PROJECT_VERSION = 1;
				DEVELOPMENT_ASSET_PATHS = "\"NikitasMarksChart/Preview Content\"";
				DEVELOPMENT_TEAM = PC9NR2PZYX;
				ENABLE_PREVIEWS = YES;
				GENERATE_INFOPLIST_FILE = YES;
				INFOPLIST_KEY_UIApplicationSceneManifest_Generation = YES;
				INFOPLIST_KEY_UIApplicationSupportsIndirectInputEvents = YES;
				INFOPLIST_KEY_UILaunchScreen_Generation = YES;
				INFOPLIST_KEY_UISupportedInterfaceOrientations_iPad = "UIInterfaceOrientationPortrait UIInterfaceOrientationPortraitUpsideDown UIInterfaceOrientationLandscapeLeft UIInterfaceOrientationLandscapeRight";
				INFOPLIST_KEY_UISupportedInterfaceOrientations_iPhone = "UIInterfaceOrientationPortrait UIInterfaceOrientationLandscapeLeft UIInterfaceOrientationLandscapeRight";
				LD_RUNPATH_SEARCH_PATHS = (
					"$(inherited)",
					"@executable_path/Frameworks",
				);
				MARKETING_VERSION = 1.0;
				PRODUCT_BUNDLE_IDENTIFIER = ca.nikitazhdanov.NikitasMarksChart;
				PRODUCT_NAME = "$(TARGET_NAME)";
				SWIFT_EMIT_LOC_STRINGS = YES;
				SWIFT_VERSION = 5.0;
				TARGETED_DEVICE_FAMILY = "1,2";
			};
			name = Debug;
		};
		8206FEA62CD9158800A236A2 /* Release */ = {
			isa = XCBuildConfiguration;
			buildSettings = {
				ASSETCATALOG_COMPILER_APPICON_NAME = AppIcon;
				ASSETCATALOG_COMPILER_GLOBAL_ACCENT_COLOR_NAME = AccentColor;
				CODE_SIGN_STYLE = Automatic;
				CURRENT_PROJECT_VERSION = 1;
				DEVELOPMENT_ASSET_PATHS = "\"NikitasMarksChart/Preview Content\"";
				DEVELOPMENT_TEAM = PC9NR2PZYX;
				ENABLE_PREVIEWS = YES;
				GENERATE_INFOPLIST_FILE = YES;
				INFOPLIST_KEY_UIApplicationSceneManifest_Generation = YES;
				INFOPLIST_KEY_UIApplicationSupportsIndirectInputEvents = YES;
				INFOPLIST_KEY_UILaunchScreen_Generation = YES;
				INFOPLIST_KEY_UISupportedInterfaceOrientations_iPad = "UIInterfaceOrientationPortrait UIInterfaceOrientationPortraitUpsideDown UIInterfaceOrientationLandscapeLeft UIInterfaceOrientationLandscapeRight";
				INFOPLIST_KEY_UISupportedInterfaceOrientations_iPhone = "UIInterfaceOrientationPortrait UIInterfaceOrientationLandscapeLeft UIInterfaceOrientationLandscapeRight";
				LD_RUNPATH_SEARCH_PATHS = (
					"$(inherited)",
					"@executable_path/Frameworks",
				);
				MARKETING_VERSION = 1.0;
				PRODUCT_BUNDLE_IDENTIFIER = ca.nikitazhdanov.NikitasMarksChart;
				PRODUCT_NAME = "$(TARGET_NAME)";
				SWIFT_EMIT_LOC_STRINGS = YES;
				SWIFT_VERSION = 5.0;
				TARGETED_DEVICE_FAMILY = "1,2";
			};
			name = Release;
		};
		8206FEA82CD9158800A236A2 /* Debug */ = {
			isa = XCBuildConfiguration;
			buildSettings = {
				BUNDLE_LOADER = "$(TEST_HOST)";
				CODE_SIGN_STYLE = Automatic;
				CURRENT_PROJECT_VERSION = 1;
				DEVELOPMENT_TEAM = PC9NR2PZYX;
				GENERATE_INFOPLIST_FILE = YES;
				IPHONEOS_DEPLOYMENT_TARGET = 18.0;
				MARKETING_VERSION = 1.0;
				PRODUCT_BUNDLE_IDENTIFIER = ca.nikitazhdanov.NikitasMarksChartTests;
				PRODUCT_NAME = "$(TARGET_NAME)";
				SWIFT_EMIT_LOC_STRINGS = NO;
				SWIFT_VERSION = 5.0;
				TARGETED_DEVICE_FAMILY = "1,2";
				TEST_HOST = "$(BUILT_PRODUCTS_DIR)/NikitasMarksChart.app/$(BUNDLE_EXECUTABLE_FOLDER_PATH)/NikitasMarksChart";
			};
			name = Debug;
		};
		8206FEA92CD9158800A236A2 /* Release */ = {
			isa = XCBuildConfiguration;
			buildSettings = {
				BUNDLE_LOADER = "$(TEST_HOST)";
				CODE_SIGN_STYLE = Automatic;
				CURRENT_PROJECT_VERSION = 1;
				DEVELOPMENT_TEAM = PC9NR2PZYX;
				GENERATE_INFOPLIST_FILE = YES;
				IPHONEOS_DEPLOYMENT_TARGET = 18.0;
				MARKETING_VERSION = 1.0;
				PRODUCT_BUNDLE_IDENTIFIER = ca.nikitazhdanov.NikitasMarksChartTests;
				PRODUCT_NAME = "$(TARGET_NAME)";
				SWIFT_EMIT_LOC_STRINGS = NO;
				SWIFT_VERSION = 5.0;
				TARGETED_DEVICE_FAMILY = "1,2";
				TEST_HOST = "$(BUILT_PRODUCTS_DIR)/NikitasMarksChart.app/$(BUNDLE_EXECUTABLE_FOLDER_PATH)/NikitasMarksChart";
			};
			name = Release;
		};
		8206FEAB2CD9158800A236A2 /* Debug */ = {
			isa = XCBuildConfiguration;
			buildSettings = {
				CODE_SIGN_STYLE = Automatic;
				CURRENT_PROJECT_VERSION = 1;
				DEVELOPMENT_TEAM = PC9NR2PZYX;
				GENERATE_INFOPLIST_FILE = YES;
				MARKETING_VERSION = 1.0;
				PRODUCT_BUNDLE_IDENTIFIER = ca.nikitazhdanov.NikitasMarksChartUITests;
				PRODUCT_NAME = "$(TARGET_NAME)";
				SWIFT_EMIT_LOC_STRINGS = NO;
				SWIFT_VERSION = 5.0;
				TARGETED_DEVICE_FAMILY = "1,2";
				TEST_TARGET_NAME = NikitasMarksChart;
			};
			name = Debug;
		};
		8206FEAC2CD9158800A236A2 /* Release */ = {
			isa = XCBuildConfiguration;
			buildSettings = {
				CODE_SIGN_STYLE = Automatic;
				CURRENT_PROJECT_VERSION = 1;
				DEVELOPMENT_TEAM = PC9NR2PZYX;
				GENERATE_INFOPLIST_FILE = YES;
				MARKETING_VERSION = 1.0;
				PRODUCT_BUNDLE_IDENTIFIER = ca.nikitazhdanov.NikitasMarksChartUITests;
				PRODUCT_NAME = "$(TARGET_NAME)";
				SWIFT_EMIT_LOC_STRINGS = NO;
				SWIFT_VERSION = 5.0;
				TARGETED_DEVICE_FAMILY = "1,2";
				TEST_TARGET_NAME = NikitasMarksChart;
			};
			name = Release;
		};
/* End XCBuildConfiguration section */

/* Begin XCConfigurationList section */
		8206FE7B2CD9158600A236A2 /* Build configuration list for PBXProject "NikitasMarksChart" */ = {
			isa = XCConfigurationList;
			buildConfigurations = (
				8206FEA22CD9158800A236A2 /* Debug */,
				8206FEA32CD9158800A236A2 /* Release */,
			);
			defaultConfigurationIsVisible = 0;
			defaultConfigurationName = Release;
		};
		8206FEA42CD9158800A236A2 /* Build configuration list for PBXNativeTarget "NikitasMarksChart" */ = {
			isa = XCConfigurationList;
			buildConfigurations = (
				8206FEA52CD9158800A236A2 /* Debug */,
				8206FEA62CD9158800A236A2 /* Release */,
			);
			defaultConfigurationIsVisible = 0;
			defaultConfigurationName = Release;
		};
		8206FEA72CD9158800A236A2 /* Build configuration list for PBXNativeTarget "NikitasMarksChartTests" */ = {
			isa = XCConfigurationList;
			buildConfigurations = (
				8206FEA82CD9158800A236A2 /* Debug */,
				8206FEA92CD9158800A236A2 /* Release */,
			);
			defaultConfigurationIsVisible = 0;
			defaultConfigurationName = Release;
		};
		8206FEAA2CD9158800A236A2 /* Build configuration list for PBXNativeTarget "NikitasMarksChartUITests" */ = {
			isa = XCConfigurationList;
			buildConfigurations = (
				8206FEAB2CD9158800A236A2 /* Debug */,
				8206FEAC2CD9158800A236A2 /* Release */,
			);
			defaultConfigurationIsVisible = 0;
			defaultConfigurationName = Release;
		};
/* End XCConfigurationList section */
	};
	rootObject = 8206FE782CD9158600A236A2 /* Project object */;
}
